
Microsoft Visual Studio Solution File, Format Version 12.00
# Visual Studio Version 16
VisualStudioVersion = 16.0.29411.108
MinimumVisualStudioVersion = 10.0.40219.1
Project("{888888A0-9F3D-457C-B088-3A5042F75D52}") = "StockApp", "StockApp\StockApp.pyproj", "{15D15B8A-4002-4BF2-889E-A796C530F9F9}"
EndProject
Global
	GlobalSection(SolutionConfigurationPlatforms) = preSolution
		Debug|Any CPU = Debug|Any CPU
		Release|Any CPU = Release|Any CPU
	EndGlobalSection
	GlobalSection(ProjectConfigurationPlatforms) = postSolution
		{15D15B8A-4002-4BF2-889E-A796C530F9F9}.Debug|Any CPU.ActiveCfg = Debug|Any CPU
		{15D15B8A-4002-4BF2-889E-A796C530F9F9}.Debug|Any CPU.Build.0 = Debug|Any CPU
		{15D15B8A-4002-4BF2-889E-A796C530F9F9}.Release|Any CPU.ActiveCfg = Release|Any CPU
		{15D15B8A-4002-4BF2-889E-A796C530F9F9}.Release|Any CPU.Build.0 = Release|Any CPU
	EndGlobalSection
	GlobalSection(SolutionProperties) = preSolution
		HideSolutionNode = FALSE
	EndGlobalSection
	GlobalSection(ExtensibilityGlobals) = postSolution
		SolutionGuid = {C8E24372-E249-4C90-8354-90A4746FF8C5}
	EndGlobalSection
EndGlobal
